
Microsoft Visual Studio Solution File, Format Version 12.00
# Visual Studio 15
VisualStudioVersion = 15.0.27703.2000
MinimumVisualStudioVersion = 10.0.40219.1
Project("{9A19103F-16F7-4668-BE54-9A1E7A4F7556}") = "ServerSideAnalytics", "ServerSideAnalytics\ServerSideAnalytics.csproj", "{FEBBA6EE-7EC7-42B2-A03A-C6F56D30BE0B}"
EndProject
Project("{9A19103F-16F7-4668-BE54-9A1E7A4F7556}") = "ServerSideAnalytics.Mongo", "ServerSideAnalytics.Mongo\ServerSideAnalytics.Mongo.csproj", "{F3944A25-D657-46EA-83DD-64AF55CF9E43}"
EndProject
Project("{9A19103F-16F7-4668-BE54-9A1E7A4F7556}") = "ServerSideAnalytics.SqlServer", "ServerSideAnalytics.SqlServer\ServerSideAnalytics.SqlServer.csproj", "{2125A874-D798-4557-9C6C-1F181FF0DCBA}"
EndProject
Project("{9A19103F-16F7-4668-BE54-9A1E7A4F7556}") = "ServerSideAnalytics.SqLite", "ServerSideAnalytics.SqLite\ServerSideAnalytics.SqLite.csproj", "{1B6E780F-712C-4347-B581-A30951D1FC44}"
EndProject
Project("{9A19103F-16F7-4668-BE54-9A1E7A4F7556}") = "TestApp.Sqlite", "TestApp.Sqlite\TestApp.Sqlite.csproj", "{C7C25B63-DF70-4461-B342-120CFD32E250}"
EndProject
Project("{9A19103F-16F7-4668-BE54-9A1E7A4F7556}") = "TestApp.SqlServer", "TestApp.SqlServer\TestApp.SqlServer.csproj", "{4D5FBF71-B626-4152-961A-B6A10C53ADAF}"
EndProject
Project("{9A19103F-16F7-4668-BE54-9A1E7A4F7556}") = "TestApp.Mongo", "TestApp.Mongo\TestApp.Mongo.csproj", "{6A4EE366-9560-4019-9239-CFF3950A1903}"
EndProject
Global
	GlobalSection(SolutionConfigurationPlatforms) = preSolution
		Debug|Any CPU = Debug|Any CPU
		Release|Any CPU = Release|Any CPU
	EndGlobalSection
	GlobalSection(ProjectConfigurationPlatforms) = postSolution
		{FEBBA6EE-7EC7-42B2-A03A-C6F56D30BE0B}.Debug|Any CPU.ActiveCfg = Debug|Any CPU
		{FEBBA6EE-7EC7-42B2-A03A-C6F56D30BE0B}.Debug|Any CPU.Build.0 = Debug|Any CPU
		{FEBBA6EE-7EC7-42B2-A03A-C6F56D30BE0B}.Release|Any CPU.ActiveCfg = Release|Any CPU
		{FEBBA6EE-7EC7-42B2-A03A-C6F56D30BE0B}.Release|Any CPU.Build.0 = Release|Any CPU
		{F3944A25-D657-46EA-83DD-64AF55CF9E43}.Debug|Any CPU.ActiveCfg = Debug|Any CPU
		{F3944A25-D657-46EA-83DD-64AF55CF9E43}.Debug|Any CPU.Build.0 = Debug|Any CPU
		{F3944A25-D657-46EA-83DD-64AF55CF9E43}.Release|Any CPU.ActiveCfg = Release|Any CPU
		{F3944A25-D657-46EA-83DD-64AF55CF9E43}.Release|Any CPU.Build.0 = Release|Any CPU
		{2125A874-D798-4557-9C6C-1F181FF0DCBA}.Debug|Any CPU.ActiveCfg = Debug|Any CPU
		{2125A874-D798-4557-9C6C-1F181FF0DCBA}.Debug|Any CPU.Build.0 = Debug|Any CPU
		{2125A874-D798-4557-9C6C-1F181FF0DCBA}.Release|Any CPU.ActiveCfg = Release|Any CPU
		{2125A874-D798-4557-9C6C-1F181FF0DCBA}.Release|Any CPU.Build.0 = Release|Any CPU
		{1B6E780F-712C-4347-B581-A30951D1FC44}.Debug|Any CPU.ActiveCfg = Debug|Any CPU
		{1B6E780F-712C-4347-B581-A30951D1FC44}.Debug|Any CPU.Build.0 = Debug|Any CPU
		{1B6E780F-712C-4347-B581-A30951D1FC44}.Release|Any CPU.ActiveCfg = Release|Any CPU
		{1B6E780F-712C-4347-B581-A30951D1FC44}.Release|Any CPU.Build.0 = Release|Any CPU
		{C7C25B63-DF70-4461-B342-120CFD32E250}.Debug|Any CPU.ActiveCfg = Debug|Any CPU
		{C7C25B63-DF70-4461-B342-120CFD32E250}.Debug|Any CPU.Build.0 = Debug|Any CPU
		{C7C25B63-DF70-4461-B342-120CFD32E250}.Release|Any CPU.ActiveCfg = Release|Any CPU
		{C7C25B63-DF70-4461-B342-120CFD32E250}.Release|Any CPU.Build.0 = Release|Any CPU
		{4D5FBF71-B626-4152-961A-B6A10C53ADAF}.Debug|Any CPU.ActiveCfg = Debug|Any CPU
		{4D5FBF71-B626-4152-961A-B6A10C53ADAF}.Debug|Any CPU.Build.0 = Debug|Any CPU
		{4D5FBF71-B626-4152-961A-B6A10C53ADAF}.Release|Any CPU.ActiveCfg = Release|Any CPU
		{4D5FBF71-B626-4152-961A-B6A10C53ADAF}.Release|Any CPU.Build.0 = Release|Any CPU
		{6A4EE366-9560-4019-9239-CFF3950A1903}.Debug|Any CPU.ActiveCfg = Debug|Any CPU
		{6A4EE366-9560-4019-9239-CFF3950A1903}.Debug|Any CPU.Build.0 = Debug|Any CPU
		{6A4EE366-9560-4019-9239-CFF3950A1903}.Release|Any CPU.ActiveCfg = Release|Any CPU
		{6A4EE366-9560-4019-9239-CFF3950A1903}.Release|Any CPU.Build.0 = Release|Any CPU
	EndGlobalSection
	GlobalSection(SolutionProperties) = preSolution
		HideSolutionNode = FALSE
	EndGlobalSection
	GlobalSection(ExtensibilityGlobals) = postSolution
		SolutionGuid = {84D3C373-9C88-4673-BE77-C0FE5CBFC516}
	EndGlobalSection
EndGlobal
